// !$*UTF8*$!
{
	archiveVersion = 1;
	classes = {
	};
	objectVersion = 56;
	objects = {

/* Begin PBXBuildFile section */
		2D8F39132A17B6650000B90E /* AppDelegate.swift in Sources */ = {isa = PBXBuildFile; fileRef = 2D8F39122A17B6650000B90E /* AppDelegate.swift */; };
		2D8F39152A17B6650000B90E /* SceneDelegate.swift in Sources */ = {isa = PBXBuildFile; fileRef = 2D8F39142A17B6650000B90E /* SceneDelegate.swift */; };
		2D8F39172A17B6650000B90E /* PrayerTimesController.swift in Sources */ = {isa = PBXBuildFile; fileRef = 2D8F39162A17B6650000B90E /* PrayerTimesController.swift */; };
		2D8F391C2A17B6660000B90E /* Assets.xcassets in Resources */ = {isa = PBXBuildFile; fileRef = 2D8F391B2A17B6660000B90E /* Assets.xcassets */; };
		2D8F391F2A17B6660000B90E /* LaunchScreen.storyboard in Resources */ = {isa = PBXBuildFile; fileRef = 2D8F391D2A17B6660000B90E /* LaunchScreen.storyboard */; };
		2D8F39352A17B73A0000B90E /* NetworkManager.framework in Frameworks */ = {isa = PBXBuildFile; fileRef = 2D8F392B2A17B73A0000B90E /* NetworkManager.framework */; };
		2D8F393C2A17B73A0000B90E /* NetworkManagerTests.swift in Sources */ = {isa = PBXBuildFile; fileRef = 2D8F393B2A17B73A0000B90E /* NetworkManagerTests.swift */; };
		2D8F39402A17B73A0000B90E /* NetworkManager.framework in Frameworks */ = {isa = PBXBuildFile; fileRef = 2D8F392B2A17B73A0000B90E /* NetworkManager.framework */; };
		2D8F39412A17B73A0000B90E /* NetworkManager.framework in Embed Frameworks */ = {isa = PBXBuildFile; fileRef = 2D8F392B2A17B73A0000B90E /* NetworkManager.framework */; settings = {ATTRIBUTES = (CodeSignOnCopy, RemoveHeadersOnCopy, ); }; };
		2D8F394A2A17B7920000B90E /* NetworkManager.swift in Sources */ = {isa = PBXBuildFile; fileRef = 2D8F39492A17B7920000B90E /* NetworkManager.swift */; };
		2D8F394C2A17BD310000B90E /* ResponseModel.swift in Sources */ = {isa = PBXBuildFile; fileRef = 2D8F394B2A17BD310000B90E /* ResponseModel.swift */; };
		2D8F394E2A17BD430000B90E /* PlaceModel.swift in Sources */ = {isa = PBXBuildFile; fileRef = 2D8F394D2A17BD430000B90E /* PlaceModel.swift */; };
		2D8F39502A17BDAD0000B90E /* PrayerTimesModel.swift in Sources */ = {isa = PBXBuildFile; fileRef = 2D8F394F2A17BDAD0000B90E /* PrayerTimesModel.swift */; };
		2D8F39562A17C3A60000B90E /* TabBarController.swift in Sources */ = {isa = PBXBuildFile; fileRef = 2D8F39552A17C3A60000B90E /* TabBarController.swift */; };
		2D8F39592A17C3EC0000B90E /* UIColor+.swift in Sources */ = {isa = PBXBuildFile; fileRef = 2D8F39582A17C3EC0000B90E /* UIColor+.swift */; };
		2D8F39622A17C4060000B90E /* Cera Pro Light.otf in Resources */ = {isa = PBXBuildFile; fileRef = 2D8F395C2A17C4060000B90E /* Cera Pro Light.otf */; };
		2D8F39632A17C4060000B90E /* Cera Pro Regular Italic.otf in Resources */ = {isa = PBXBuildFile; fileRef = 2D8F395D2A17C4060000B90E /* Cera Pro Regular Italic.otf */; };
		2D8F39642A17C4060000B90E /* Cera Pro Black Italic.otf in Resources */ = {isa = PBXBuildFile; fileRef = 2D8F395E2A17C4060000B90E /* Cera Pro Black Italic.otf */; };
		2D8F39652A17C4060000B90E /* Cera Pro Bold.otf in Resources */ = {isa = PBXBuildFile; fileRef = 2D8F395F2A17C4060000B90E /* Cera Pro Bold.otf */; };
		2D8F39662A17C4060000B90E /* Cera Pro Medium.otf in Resources */ = {isa = PBXBuildFile; fileRef = 2D8F39602A17C4060000B90E /* Cera Pro Medium.otf */; };
		2D8F39672A17C4060000B90E /* Cera Pro Black.otf in Resources */ = {isa = PBXBuildFile; fileRef = 2D8F39612A17C4060000B90E /* Cera Pro Black.otf */; };
		2D8F39692A17C41E0000B90E /* UIFont+.swift in Sources */ = {isa = PBXBuildFile; fileRef = 2D8F39682A17C41E0000B90E /* UIFont+.swift */; };
		2D8F396C2A17C4A90000B90E /* PrayerTimesViewModel.swift in Sources */ = {isa = PBXBuildFile; fileRef = 2D8F396B2A17C4A90000B90E /* PrayerTimesViewModel.swift */; };
		2D8F39702A17CA610000B90E /* UIViewController+.swift in Sources */ = {isa = PBXBuildFile; fileRef = 2D8F396F2A17CA610000B90E /* UIViewController+.swift */; };
		2D8F39732A17CB4B0000B90E /* SnapKit in Frameworks */ = {isa = PBXBuildFile; productRef = 2D8F39722A17CB4B0000B90E /* SnapKit */; };
		2D8F39772A17CB600000B90E /* AlertController.swift in Sources */ = {isa = PBXBuildFile; fileRef = 2D8F39762A17CB600000B90E /* AlertController.swift */; };
		2D8F39792A17CB950000B90E /* UILabel+.swift in Sources */ = {isa = PBXBuildFile; fileRef = 2D8F39782A17CB950000B90E /* UILabel+.swift */; };
		2D8F397B2A17CBA00000B90E /* UIView+.swift in Sources */ = {isa = PBXBuildFile; fileRef = 2D8F397A2A17CBA00000B90E /* UIView+.swift */; };
		2D8F397D2A17D8810000B90E /* PrayerTimesView.swift in Sources */ = {isa = PBXBuildFile; fileRef = 2D8F397C2A17D8810000B90E /* PrayerTimesView.swift */; };
		2D8F39802A17D9440000B90E /* Lottie in Frameworks */ = {isa = PBXBuildFile; productRef = 2D8F397F2A17D9440000B90E /* Lottie */; };
		2D8F39822A17D9560000B90E /* spinner.json in Resources */ = {isa = PBXBuildFile; fileRef = 2D8F39812A17D9560000B90E /* spinner.json */; };
		2D8F39842A17D95B0000B90E /* LottieAnimationView+.swift in Sources */ = {isa = PBXBuildFile; fileRef = 2D8F39832A17D95B0000B90E /* LottieAnimationView+.swift */; };
		2D8F39862A17EF7E0000B90E /* UIImageView+.swift in Sources */ = {isa = PBXBuildFile; fileRef = 2D8F39852A17EF7E0000B90E /* UIImageView+.swift */; };
		2D8F39882A17F1BD0000B90E /* PrayerTimesPresentation.swift in Sources */ = {isa = PBXBuildFile; fileRef = 2D8F39872A17F1BC0000B90E /* PrayerTimesPresentation.swift */; };
		2D8F398A2A180D8C0000B90E /* SingleTimeView.swift in Sources */ = {isa = PBXBuildFile; fileRef = 2D8F39892A180D8C0000B90E /* SingleTimeView.swift */; };
		2D8F398C2A180DA20000B90E /* UIStackView+.swift in Sources */ = {isa = PBXBuildFile; fileRef = 2D8F398B2A180DA20000B90E /* UIStackView+.swift */; };
		2D8F398E2A180ED90000B90E /* UIApplication+.swift in Sources */ = {isa = PBXBuildFile; fileRef = 2D8F398D2A180ED90000B90E /* UIApplication+.swift */; };
		2D8F39912A1826450000B90E /* QiblaFinderController.swift in Sources */ = {isa = PBXBuildFile; fileRef = 2D8F39902A1826450000B90E /* QiblaFinderController.swift */; };
		2D8F39942A18267D0000B90E /* CompassManager.swift in Sources */ = {isa = PBXBuildFile; fileRef = 2D8F39932A18267D0000B90E /* CompassManager.swift */; };
		2D8F39992A18C2530000B90E /* ActivityViewController.swift in Sources */ = {isa = PBXBuildFile; fileRef = 2D8F39982A18C2530000B90E /* ActivityViewController.swift */; };
		2D8F399B2A18C25D0000B90E /* SettingsVC.swift in Sources */ = {isa = PBXBuildFile; fileRef = 2D8F399A2A18C25D0000B90E /* SettingsVC.swift */; };
		2D8F399D2A18C3D70000B90E /* SettingsListSwiftUI.swift in Sources */ = {isa = PBXBuildFile; fileRef = 2D8F399C2A18C3D70000B90E /* SettingsListSwiftUI.swift */; };
/* End PBXBuildFile section */

/* Begin PBXContainerItemProxy section */
		2D8F39362A17B73A0000B90E /* PBXContainerItemProxy */ = {
			isa = PBXContainerItemProxy;
			containerPortal = 2D8F39072A17B6650000B90E /* Project object */;
			proxyType = 1;
			remoteGlobalIDString = 2D8F392A2A17B73A0000B90E;
			remoteInfo = NetworkManager;
		};
		2D8F39382A17B73A0000B90E /* PBXContainerItemProxy */ = {
			isa = PBXContainerItemProxy;
			containerPortal = 2D8F39072A17B6650000B90E /* Project object */;
			proxyType = 1;
			remoteGlobalIDString = 2D8F390E2A17B6650000B90E;
			remoteInfo = "prayer-times";
		};
		2D8F393E2A17B73A0000B90E /* PBXContainerItemProxy */ = {
			isa = PBXContainerItemProxy;
			containerPortal = 2D8F39072A17B6650000B90E /* Project object */;
			proxyType = 1;
			remoteGlobalIDString = 2D8F392A2A17B73A0000B90E;
			remoteInfo = NetworkManager;
		};
/* End PBXContainerItemProxy section */

/* Begin PBXCopyFilesBuildPhase section */
		2D8F39422A17B73A0000B90E /* Embed Frameworks */ = {
			isa = PBXCopyFilesBuildPhase;
			buildActionMask = 2147483647;
			dstPath = "";
			dstSubfolderSpec = 10;
			files = (
				2D8F39412A17B73A0000B90E /* NetworkManager.framework in Embed Frameworks */,
			);
			name = "Embed Frameworks";
			runOnlyForDeploymentPostprocessing = 0;
		};
/* End PBXCopyFilesBuildPhase section */

/* Begin PBXFileReference section */
		2D8F390F2A17B6650000B90E /* prayer-times.app */ = {isa = PBXFileReference; explicitFileType = wrapper.application; includeInIndex = 0; path = "prayer-times.app"; sourceTree = BUILT_PRODUCTS_DIR; };
		2D8F39122A17B6650000B90E /* AppDelegate.swift */ = {isa = PBXFileReference; lastKnownFileType = sourcecode.swift; path = AppDelegate.swift; sourceTree = "<group>"; };
		2D8F39142A17B6650000B90E /* SceneDelegate.swift */ = {isa = PBXFileReference; lastKnownFileType = sourcecode.swift; path = SceneDelegate.swift; sourceTree = "<group>"; };
		2D8F39162A17B6650000B90E /* PrayerTimesController.swift */ = {isa = PBXFileReference; lastKnownFileType = sourcecode.swift; path = PrayerTimesController.swift; sourceTree = "<group>"; };
		2D8F391B2A17B6660000B90E /* Assets.xcassets */ = {isa = PBXFileReference; lastKnownFileType = folder.assetcatalog; path = Assets.xcassets; sourceTree = "<group>"; };
		2D8F391E2A17B6660000B90E /* Base */ = {isa = PBXFileReference; lastKnownFileType = file.storyboard; name = Base; path = Base.lproj/LaunchScreen.storyboard; sourceTree = "<group>"; };
		2D8F39202A17B6660000B90E /* Info.plist */ = {isa = PBXFileReference; lastKnownFileType = text.plist.xml; path = Info.plist; sourceTree = "<group>"; };
		2D8F392B2A17B73A0000B90E /* NetworkManager.framework */ = {isa = PBXFileReference; explicitFileType = wrapper.framework; includeInIndex = 0; path = NetworkManager.framework; sourceTree = BUILT_PRODUCTS_DIR; };
		2D8F39342A17B73A0000B90E /* NetworkManagerTests.xctest */ = {isa = PBXFileReference; explicitFileType = wrapper.cfbundle; includeInIndex = 0; path = NetworkManagerTests.xctest; sourceTree = BUILT_PRODUCTS_DIR; };
		2D8F393B2A17B73A0000B90E /* NetworkManagerTests.swift */ = {isa = PBXFileReference; lastKnownFileType = sourcecode.swift; path = NetworkManagerTests.swift; sourceTree = "<group>"; };
		2D8F39492A17B7920000B90E /* NetworkManager.swift */ = {isa = PBXFileReference; lastKnownFileType = sourcecode.swift; path = NetworkManager.swift; sourceTree = "<group>"; };
		2D8F394B2A17BD310000B90E /* ResponseModel.swift */ = {isa = PBXFileReference; lastKnownFileType = sourcecode.swift; path = ResponseModel.swift; sourceTree = "<group>"; };
		2D8F394D2A17BD430000B90E /* PlaceModel.swift */ = {isa = PBXFileReference; lastKnownFileType = sourcecode.swift; path = PlaceModel.swift; sourceTree = "<group>"; };
		2D8F394F2A17BDAD0000B90E /* PrayerTimesModel.swift */ = {isa = PBXFileReference; lastKnownFileType = sourcecode.swift; path = PrayerTimesModel.swift; sourceTree = "<group>"; };
		2D8F39552A17C3A60000B90E /* TabBarController.swift */ = {isa = PBXFileReference; fileEncoding = 4; lastKnownFileType = sourcecode.swift; path = TabBarController.swift; sourceTree = "<group>"; };
		2D8F39582A17C3EC0000B90E /* UIColor+.swift */ = {isa = PBXFileReference; lastKnownFileType = sourcecode.swift; path = "UIColor+.swift"; sourceTree = "<group>"; };
		2D8F395C2A17C4060000B90E /* Cera Pro Light.otf */ = {isa = PBXFileReference; lastKnownFileType = file; path = "Cera Pro Light.otf"; sourceTree = "<group>"; };
		2D8F395D2A17C4060000B90E /* Cera Pro Regular Italic.otf */ = {isa = PBXFileReference; lastKnownFileType = file; path = "Cera Pro Regular Italic.otf"; sourceTree = "<group>"; };
		2D8F395E2A17C4060000B90E /* Cera Pro Black Italic.otf */ = {isa = PBXFileReference; lastKnownFileType = file; path = "Cera Pro Black Italic.otf"; sourceTree = "<group>"; };
		2D8F395F2A17C4060000B90E /* Cera Pro Bold.otf */ = {isa = PBXFileReference; lastKnownFileType = file; path = "Cera Pro Bold.otf"; sourceTree = "<group>"; };
		2D8F39602A17C4060000B90E /* Cera Pro Medium.otf */ = {isa = PBXFileReference; lastKnownFileType = file; path = "Cera Pro Medium.otf"; sourceTree = "<group>"; };
		2D8F39612A17C4060000B90E /* Cera Pro Black.otf */ = {isa = PBXFileReference; lastKnownFileType = file; path = "Cera Pro Black.otf"; sourceTree = "<group>"; };
		2D8F39682A17C41E0000B90E /* UIFont+.swift */ = {isa = PBXFileReference; fileEncoding = 4; lastKnownFileType = sourcecode.swift; path = "UIFont+.swift"; sourceTree = "<group>"; };
		2D8F396B2A17C4A90000B90E /* PrayerTimesViewModel.swift */ = {isa = PBXFileReference; lastKnownFileType = sourcecode.swift; path = PrayerTimesViewModel.swift; sourceTree = "<group>"; };
		2D8F396F2A17CA610000B90E /* UIViewController+.swift */ = {isa = PBXFileReference; lastKnownFileType = sourcecode.swift; path = "UIViewController+.swift"; sourceTree = "<group>"; };
		2D8F39762A17CB600000B90E /* AlertController.swift */ = {isa = PBXFileReference; fileEncoding = 4; lastKnownFileType = sourcecode.swift; path = AlertController.swift; sourceTree = "<group>"; };
		2D8F39782A17CB950000B90E /* UILabel+.swift */ = {isa = PBXFileReference; fileEncoding = 4; lastKnownFileType = sourcecode.swift; path = "UILabel+.swift"; sourceTree = "<group>"; };
		2D8F397A2A17CBA00000B90E /* UIView+.swift */ = {isa = PBXFileReference; fileEncoding = 4; lastKnownFileType = sourcecode.swift; path = "UIView+.swift"; sourceTree = "<group>"; };
		2D8F397C2A17D8810000B90E /* PrayerTimesView.swift */ = {isa = PBXFileReference; lastKnownFileType = sourcecode.swift; path = PrayerTimesView.swift; sourceTree = "<group>"; };
		2D8F39812A17D9560000B90E /* spinner.json */ = {isa = PBXFileReference; fileEncoding = 4; lastKnownFileType = text.json; path = spinner.json; sourceTree = "<group>"; };
		2D8F39832A17D95B0000B90E /* LottieAnimationView+.swift */ = {isa = PBXFileReference; fileEncoding = 4; lastKnownFileType = sourcecode.swift; path = "LottieAnimationView+.swift"; sourceTree = "<group>"; };
		2D8F39852A17EF7E0000B90E /* UIImageView+.swift */ = {isa = PBXFileReference; fileEncoding = 4; lastKnownFileType = sourcecode.swift; path = "UIImageView+.swift"; sourceTree = "<group>"; };
		2D8F39872A17F1BC0000B90E /* PrayerTimesPresentation.swift */ = {isa = PBXFileReference; lastKnownFileType = sourcecode.swift; path = PrayerTimesPresentation.swift; sourceTree = "<group>"; };
		2D8F39892A180D8C0000B90E /* SingleTimeView.swift */ = {isa = PBXFileReference; fileEncoding = 4; lastKnownFileType = sourcecode.swift; path = SingleTimeView.swift; sourceTree = "<group>"; };
		2D8F398B2A180DA20000B90E /* UIStackView+.swift */ = {isa = PBXFileReference; fileEncoding = 4; lastKnownFileType = sourcecode.swift; path = "UIStackView+.swift"; sourceTree = "<group>"; };
		2D8F398D2A180ED90000B90E /* UIApplication+.swift */ = {isa = PBXFileReference; lastKnownFileType = sourcecode.swift; path = "UIApplication+.swift"; sourceTree = "<group>"; };
		2D8F39902A1826450000B90E /* QiblaFinderController.swift */ = {isa = PBXFileReference; fileEncoding = 4; lastKnownFileType = sourcecode.swift; path = QiblaFinderController.swift; sourceTree = "<group>"; };
		2D8F39932A18267D0000B90E /* CompassManager.swift */ = {isa = PBXFileReference; fileEncoding = 4; lastKnownFileType = sourcecode.swift; path = CompassManager.swift; sourceTree = "<group>"; };
		2D8F39982A18C2530000B90E /* ActivityViewController.swift */ = {isa = PBXFileReference; fileEncoding = 4; lastKnownFileType = sourcecode.swift; path = ActivityViewController.swift; sourceTree = "<group>"; };
		2D8F399A2A18C25D0000B90E /* SettingsVC.swift */ = {isa = PBXFileReference; fileEncoding = 4; lastKnownFileType = sourcecode.swift; path = SettingsVC.swift; sourceTree = "<group>"; };
		2D8F399C2A18C3D70000B90E /* SettingsListSwiftUI.swift */ = {isa = PBXFileReference; fileEncoding = 4; lastKnownFileType = sourcecode.swift; path = SettingsListSwiftUI.swift; sourceTree = "<group>"; };
/* End PBXFileReference section */

/* Begin PBXFrameworksBuildPhase section */
		2D8F390C2A17B6650000B90E /* Frameworks */ = {
			isa = PBXFrameworksBuildPhase;
			buildActionMask = 2147483647;
			files = (
				2D8F39402A17B73A0000B90E /* NetworkManager.framework in Frameworks */,
				2D8F39732A17CB4B0000B90E /* SnapKit in Frameworks */,
				2D8F39802A17D9440000B90E /* Lottie in Frameworks */,
			);
			runOnlyForDeploymentPostprocessing = 0;
		};
		2D8F39282A17B73A0000B90E /* Frameworks */ = {
			isa = PBXFrameworksBuildPhase;
			buildActionMask = 2147483647;
			files = (
			);
			runOnlyForDeploymentPostprocessing = 0;
		};
		2D8F39312A17B73A0000B90E /* Frameworks */ = {
			isa = PBXFrameworksBuildPhase;
			buildActionMask = 2147483647;
			files = (
				2D8F39352A17B73A0000B90E /* NetworkManager.framework in Frameworks */,
			);
			runOnlyForDeploymentPostprocessing = 0;
		};
/* End PBXFrameworksBuildPhase section */

/* Begin PBXGroup section */
		2D8F39062A17B6650000B90E = {
			isa = PBXGroup;
			children = (
				2D8F39112A17B6650000B90E /* prayer-times */,
				2D8F392C2A17B73A0000B90E /* NetworkManager */,
				2D8F393A2A17B73A0000B90E /* NetworkManagerTests */,
				2D8F39102A17B6650000B90E /* Products */,
			);
			sourceTree = "<group>";
		};
		2D8F39102A17B6650000B90E /* Products */ = {
			isa = PBXGroup;
			children = (
				2D8F390F2A17B6650000B90E /* prayer-times.app */,
				2D8F392B2A17B73A0000B90E /* NetworkManager.framework */,
				2D8F39342A17B73A0000B90E /* NetworkManagerTests.xctest */,
			);
			name = Products;
			sourceTree = "<group>";
		};
		2D8F39112A17B6650000B90E /* prayer-times */ = {
			isa = PBXGroup;
			children = (
				2D8F39922A18267D0000B90E /* Managers */,
				2D8F39752A17CB590000B90E /* General */,
				2D8F395A2A17C3F80000B90E /* CeraFont */,
				2D8F39572A17C3D70000B90E /* Extensions */,
				2D8F39522A17C14A0000B90E /* Resources */,
				2D8F39512A17C1430000B90E /* AppDelegate */,
				2D8F39532A17C1760000B90E /* Scenes */,
			);
			path = "prayer-times";
			sourceTree = "<group>";
		};
		2D8F392C2A17B73A0000B90E /* NetworkManager */ = {
			isa = PBXGroup;
			children = (
				2D8F39492A17B7920000B90E /* NetworkManager.swift */,
				2D8F394B2A17BD310000B90E /* ResponseModel.swift */,
				2D8F394F2A17BDAD0000B90E /* PrayerTimesModel.swift */,
				2D8F394D2A17BD430000B90E /* PlaceModel.swift */,
			);
			path = NetworkManager;
			sourceTree = "<group>";
		};
		2D8F393A2A17B73A0000B90E /* NetworkManagerTests */ = {
			isa = PBXGroup;
			children = (
				2D8F393B2A17B73A0000B90E /* NetworkManagerTests.swift */,
			);
			path = NetworkManagerTests;
			sourceTree = "<group>";
		};
		2D8F39512A17C1430000B90E /* AppDelegate */ = {
			isa = PBXGroup;
			children = (
				2D8F39122A17B6650000B90E /* AppDelegate.swift */,
				2D8F39142A17B6650000B90E /* SceneDelegate.swift */,
			);
			path = AppDelegate;
			sourceTree = "<group>";
		};
		2D8F39522A17C14A0000B90E /* Resources */ = {
			isa = PBXGroup;
			children = (
				2D8F39812A17D9560000B90E /* spinner.json */,
				2D8F391B2A17B6660000B90E /* Assets.xcassets */,
				2D8F391D2A17B6660000B90E /* LaunchScreen.storyboard */,
				2D8F39202A17B6660000B90E /* Info.plist */,
			);
			path = Resources;
			sourceTree = "<group>";
		};
		2D8F39532A17C1760000B90E /* Scenes */ = {
			isa = PBXGroup;
			children = (
				2D8F39542A17C3990000B90E /* TabBar */,
				2D8F396A2A17C49B0000B90E /* PrayerTimes */,
				2D8F398F2A1826050000B90E /* QiblaFinder */,
				2D8F39952A18C2020000B90E /* Settings */,
			);
			path = Scenes;
			sourceTree = "<group>";
		};
		2D8F39542A17C3990000B90E /* TabBar */ = {
			isa = PBXGroup;
			children = (
				2D8F39552A17C3A60000B90E /* TabBarController.swift */,
			);
			path = TabBar;
			sourceTree = "<group>";
		};
		2D8F39572A17C3D70000B90E /* Extensions */ = {
			isa = PBXGroup;
			children = (
				2D8F39832A17D95B0000B90E /* LottieAnimationView+.swift */,
				2D8F397A2A17CBA00000B90E /* UIView+.swift */,
				2D8F39852A17EF7E0000B90E /* UIImageView+.swift */,
				2D8F39782A17CB950000B90E /* UILabel+.swift */,
				2D8F398B2A180DA20000B90E /* UIStackView+.swift */,
				2D8F39582A17C3EC0000B90E /* UIColor+.swift */,
				2D8F39682A17C41E0000B90E /* UIFont+.swift */,
				2D8F396F2A17CA610000B90E /* UIViewController+.swift */,
				2D8F398D2A180ED90000B90E /* UIApplication+.swift */,
			);
			path = Extensions;
			sourceTree = "<group>";
		};
		2D8F395A2A17C3F80000B90E /* CeraFont */ = {
			isa = PBXGroup;
			children = (
				2D8F395B2A17C4060000B90E /* cera pro sv */,
			);
			path = CeraFont;
			sourceTree = "<group>";
		};
		2D8F395B2A17C4060000B90E /* cera pro sv */ = {
			isa = PBXGroup;
			children = (
				2D8F395C2A17C4060000B90E /* Cera Pro Light.otf */,
				2D8F395D2A17C4060000B90E /* Cera Pro Regular Italic.otf */,
				2D8F395E2A17C4060000B90E /* Cera Pro Black Italic.otf */,
				2D8F395F2A17C4060000B90E /* Cera Pro Bold.otf */,
				2D8F39602A17C4060000B90E /* Cera Pro Medium.otf */,
				2D8F39612A17C4060000B90E /* Cera Pro Black.otf */,
			);
			path = "cera pro sv";
			sourceTree = "<group>";
		};
		2D8F396A2A17C49B0000B90E /* PrayerTimes */ = {
			isa = PBXGroup;
			children = (
				2D8F39892A180D8C0000B90E /* SingleTimeView.swift */,
				2D8F39162A17B6650000B90E /* PrayerTimesController.swift */,
				2D8F396B2A17C4A90000B90E /* PrayerTimesViewModel.swift */,
				2D8F397C2A17D8810000B90E /* PrayerTimesView.swift */,
				2D8F39872A17F1BC0000B90E /* PrayerTimesPresentation.swift */,
			);
			path = PrayerTimes;
			sourceTree = "<group>";
		};
		2D8F39752A17CB590000B90E /* General */ = {
			isa = PBXGroup;
			children = (
				2D8F39762A17CB600000B90E /* AlertController.swift */,
			);
			path = General;
			sourceTree = "<group>";
		};
		2D8F398F2A1826050000B90E /* QiblaFinder */ = {
			isa = PBXGroup;
			children = (
				2D8F39902A1826450000B90E /* QiblaFinderController.swift */,
			);
			path = QiblaFinder;
			sourceTree = "<group>";
		};
		2D8F39922A18267D0000B90E /* Managers */ = {
			isa = PBXGroup;
			children = (
				2D8F39932A18267D0000B90E /* CompassManager.swift */,
			);
			path = Managers;
			sourceTree = "<group>";
		};
		2D8F39952A18C2020000B90E /* Settings */ = {
			isa = PBXGroup;
			children = (
				2D8F399C2A18C3D70000B90E /* SettingsListSwiftUI.swift */,
				2D8F399A2A18C25D0000B90E /* SettingsVC.swift */,
				2D8F39982A18C2530000B90E /* ActivityViewController.swift */,
			);
			path = Settings;
			sourceTree = "<group>";
		};
/* End PBXGroup section */

/* Begin PBXHeadersBuildPhase section */
		2D8F39262A17B73A0000B90E /* Headers */ = {
			isa = PBXHeadersBuildPhase;
			buildActionMask = 2147483647;
			files = (
			);
			runOnlyForDeploymentPostprocessing = 0;
		};
/* End PBXHeadersBuildPhase section */

/* Begin PBXNativeTarget section */
		2D8F390E2A17B6650000B90E /* prayer-times */ = {
			isa = PBXNativeTarget;
			buildConfigurationList = 2D8F39232A17B6660000B90E /* Build configuration list for PBXNativeTarget "prayer-times" */;
			buildPhases = (
				2D8F390B2A17B6650000B90E /* Sources */,
				2D8F390C2A17B6650000B90E /* Frameworks */,
				2D8F390D2A17B6650000B90E /* Resources */,
				2D8F39422A17B73A0000B90E /* Embed Frameworks */,
			);
			buildRules = (
			);
			dependencies = (
				2D8F393F2A17B73A0000B90E /* PBXTargetDependency */,
			);
			name = "prayer-times";
			packageProductDependencies = (
				2D8F39722A17CB4B0000B90E /* SnapKit */,
				2D8F397F2A17D9440000B90E /* Lottie */,
			);
			productName = "prayer-times";
			productReference = 2D8F390F2A17B6650000B90E /* prayer-times.app */;
			productType = "com.apple.product-type.application";
		};
		2D8F392A2A17B73A0000B90E /* NetworkManager */ = {
			isa = PBXNativeTarget;
			buildConfigurationList = 2D8F39472A17B73A0000B90E /* Build configuration list for PBXNativeTarget "NetworkManager" */;
			buildPhases = (
				2D8F39262A17B73A0000B90E /* Headers */,
				2D8F39272A17B73A0000B90E /* Sources */,
				2D8F39282A17B73A0000B90E /* Frameworks */,
				2D8F39292A17B73A0000B90E /* Resources */,
			);
			buildRules = (
			);
			dependencies = (
			);
			name = NetworkManager;
			productName = NetworkManager;
			productReference = 2D8F392B2A17B73A0000B90E /* NetworkManager.framework */;
			productType = "com.apple.product-type.framework";
		};
		2D8F39332A17B73A0000B90E /* NetworkManagerTests */ = {
			isa = PBXNativeTarget;
			buildConfigurationList = 2D8F39482A17B73A0000B90E /* Build configuration list for PBXNativeTarget "NetworkManagerTests" */;
			buildPhases = (
				2D8F39302A17B73A0000B90E /* Sources */,
				2D8F39312A17B73A0000B90E /* Frameworks */,
				2D8F39322A17B73A0000B90E /* Resources */,
			);
			buildRules = (
			);
			dependencies = (
				2D8F39372A17B73A0000B90E /* PBXTargetDependency */,
				2D8F39392A17B73A0000B90E /* PBXTargetDependency */,
			);
			name = NetworkManagerTests;
			productName = NetworkManagerTests;
			productReference = 2D8F39342A17B73A0000B90E /* NetworkManagerTests.xctest */;
			productType = "com.apple.product-type.bundle.unit-test";
		};
/* End PBXNativeTarget section */

/* Begin PBXProject section */
		2D8F39072A17B6650000B90E /* Project object */ = {
			isa = PBXProject;
			attributes = {
				BuildIndependentTargetsInParallel = 1;
				LastSwiftUpdateCheck = 1430;
				LastUpgradeCheck = 1430;
				TargetAttributes = {
					2D8F390E2A17B6650000B90E = {
						CreatedOnToolsVersion = 14.3;
					};
					2D8F392A2A17B73A0000B90E = {
						CreatedOnToolsVersion = 14.3;
					};
					2D8F39332A17B73A0000B90E = {
						CreatedOnToolsVersion = 14.3;
						TestTargetID = 2D8F390E2A17B6650000B90E;
					};
				};
			};
			buildConfigurationList = 2D8F390A2A17B6650000B90E /* Build configuration list for PBXProject "prayer-times" */;
			compatibilityVersion = "Xcode 14.0";
			developmentRegion = en;
			hasScannedForEncodings = 0;
			knownRegions = (
				en,
				Base,
			);
			mainGroup = 2D8F39062A17B6650000B90E;
			packageReferences = (
				2D8F39712A17CB4B0000B90E /* XCRemoteSwiftPackageReference "SnapKit" */,
				2D8F397E2A17D9440000B90E /* XCRemoteSwiftPackageReference "lottie-ios" */,
			);
			productRefGroup = 2D8F39102A17B6650000B90E /* Products */;
			projectDirPath = "";
			projectRoot = "";
			targets = (
				2D8F390E2A17B6650000B90E /* prayer-times */,
				2D8F392A2A17B73A0000B90E /* NetworkManager */,
				2D8F39332A17B73A0000B90E /* NetworkManagerTests */,
			);
		};
/* End PBXProject section */

/* Begin PBXResourcesBuildPhase section */
		2D8F390D2A17B6650000B90E /* Resources */ = {
			isa = PBXResourcesBuildPhase;
			buildActionMask = 2147483647;
			files = (
				2D8F39662A17C4060000B90E /* Cera Pro Medium.otf in Resources */,
				2D8F391F2A17B6660000B90E /* LaunchScreen.storyboard in Resources */,
				2D8F39672A17C4060000B90E /* Cera Pro Black.otf in Resources */,
				2D8F39822A17D9560000B90E /* spinner.json in Resources */,
				2D8F39652A17C4060000B90E /* Cera Pro Bold.otf in Resources */,
				2D8F39642A17C4060000B90E /* Cera Pro Black Italic.otf in Resources */,
				2D8F39622A17C4060000B90E /* Cera Pro Light.otf in Resources */,
				2D8F39632A17C4060000B90E /* Cera Pro Regular Italic.otf in Resources */,
				2D8F391C2A17B6660000B90E /* Assets.xcassets in Resources */,
			);
			runOnlyForDeploymentPostprocessing = 0;
		};
		2D8F39292A17B73A0000B90E /* Resources */ = {
			isa = PBXResourcesBuildPhase;
			buildActionMask = 2147483647;
			files = (
			);
			runOnlyForDeploymentPostprocessing = 0;
		};
		2D8F39322A17B73A0000B90E /* Resources */ = {
			isa = PBXResourcesBuildPhase;
			buildActionMask = 2147483647;
			files = (
			);
			runOnlyForDeploymentPostprocessing = 0;
		};
/* End PBXResourcesBuildPhase section */

/* Begin PBXSourcesBuildPhase section */
		2D8F390B2A17B6650000B90E /* Sources */ = {
			isa = PBXSourcesBuildPhase;
			buildActionMask = 2147483647;
			files = (
				2D8F397D2A17D8810000B90E /* PrayerTimesView.swift in Sources */,
				2D8F397B2A17CBA00000B90E /* UIView+.swift in Sources */,
				2D8F39862A17EF7E0000B90E /* UIImageView+.swift in Sources */,
				2D8F39172A17B6650000B90E /* PrayerTimesController.swift in Sources */,
				2D8F39842A17D95B0000B90E /* LottieAnimationView+.swift in Sources */,
				2D8F39562A17C3A60000B90E /* TabBarController.swift in Sources */,
				2D8F39882A17F1BD0000B90E /* PrayerTimesPresentation.swift in Sources */,
				2D8F399D2A18C3D70000B90E /* SettingsListSwiftUI.swift in Sources */,
				2D8F39132A17B6650000B90E /* AppDelegate.swift in Sources */,
				2D8F39152A17B6650000B90E /* SceneDelegate.swift in Sources */,
				2D8F39702A17CA610000B90E /* UIViewController+.swift in Sources */,
				2D8F39772A17CB600000B90E /* AlertController.swift in Sources */,
				2D8F396C2A17C4A90000B90E /* PrayerTimesViewModel.swift in Sources */,
				2D8F39942A18267D0000B90E /* CompassManager.swift in Sources */,
				2D8F39912A1826450000B90E /* QiblaFinderController.swift in Sources */,
				2D8F398A2A180D8C0000B90E /* SingleTimeView.swift in Sources */,
				2D8F39792A17CB950000B90E /* UILabel+.swift in Sources */,
				2D8F398E2A180ED90000B90E /* UIApplication+.swift in Sources */,
				2D8F39692A17C41E0000B90E /* UIFont+.swift in Sources */,
				2D8F398C2A180DA20000B90E /* UIStackView+.swift in Sources */,
				2D8F399B2A18C25D0000B90E /* SettingsVC.swift in Sources */,
				2D8F39592A17C3EC0000B90E /* UIColor+.swift in Sources */,
				2D8F39992A18C2530000B90E /* ActivityViewController.swift in Sources */,
			);
			runOnlyForDeploymentPostprocessing = 0;
		};
		2D8F39272A17B73A0000B90E /* Sources */ = {
			isa = PBXSourcesBuildPhase;
			buildActionMask = 2147483647;
			files = (
				2D8F394C2A17BD310000B90E /* ResponseModel.swift in Sources */,
				2D8F394E2A17BD430000B90E /* PlaceModel.swift in Sources */,
				2D8F394A2A17B7920000B90E /* NetworkManager.swift in Sources */,
				2D8F39502A17BDAD0000B90E /* PrayerTimesModel.swift in Sources */,
			);
			runOnlyForDeploymentPostprocessing = 0;
		};
		2D8F39302A17B73A0000B90E /* Sources */ = {
			isa = PBXSourcesBuildPhase;
			buildActionMask = 2147483647;
			files = (
				2D8F393C2A17B73A0000B90E /* NetworkManagerTests.swift in Sources */,
			);
			runOnlyForDeploymentPostprocessing = 0;
		};
/* End PBXSourcesBuildPhase section */

/* Begin PBXTargetDependency section */
		2D8F39372A17B73A0000B90E /* PBXTargetDependency */ = {
			isa = PBXTargetDependency;
			target = 2D8F392A2A17B73A0000B90E /* NetworkManager */;
			targetProxy = 2D8F39362A17B73A0000B90E /* PBXContainerItemProxy */;
		};
		2D8F39392A17B73A0000B90E /* PBXTargetDependency */ = {
			isa = PBXTargetDependency;
			target = 2D8F390E2A17B6650000B90E /* prayer-times */;
			targetProxy = 2D8F39382A17B73A0000B90E /* PBXContainerItemProxy */;
		};
		2D8F393F2A17B73A0000B90E /* PBXTargetDependency */ = {
			isa = PBXTargetDependency;
			target = 2D8F392A2A17B73A0000B90E /* NetworkManager */;
			targetProxy = 2D8F393E2A17B73A0000B90E /* PBXContainerItemProxy */;
		};
/* End PBXTargetDependency section */

/* Begin PBXVariantGroup section */
		2D8F391D2A17B6660000B90E /* LaunchScreen.storyboard */ = {
			isa = PBXVariantGroup;
			children = (
				2D8F391E2A17B6660000B90E /* Base */,
			);
			name = LaunchScreen.storyboard;
			sourceTree = "<group>";
		};
/* End PBXVariantGroup section */

/* Begin XCBuildConfiguration section */
		2D8F39212A17B6660000B90E /* Debug */ = {
			isa = XCBuildConfiguration;
			buildSettings = {
				ALWAYS_SEARCH_USER_PATHS = NO;
				CLANG_ANALYZER_NONNULL = YES;
				CLANG_ANALYZER_NUMBER_OBJECT_CONVERSION = YES_AGGRESSIVE;
				CLANG_CXX_LANGUAGE_STANDARD = "gnu++20";
				CLANG_ENABLE_MODULES = YES;
				CLANG_ENABLE_OBJC_ARC = YES;
				CLANG_ENABLE_OBJC_WEAK = YES;
				CLANG_WARN_BLOCK_CAPTURE_AUTORELEASING = YES;
				CLANG_WARN_BOOL_CONVERSION = YES;
				CLANG_WARN_COMMA = YES;
				CLANG_WARN_CONSTANT_CONVERSION = YES;
				CLANG_WARN_DEPRECATED_OBJC_IMPLEMENTATIONS = YES;
				CLANG_WARN_DIRECT_OBJC_ISA_USAGE = YES_ERROR;
				CLANG_WARN_DOCUMENTATION_COMMENTS = YES;
				CLANG_WARN_EMPTY_BODY = YES;
				CLANG_WARN_ENUM_CONVERSION = YES;
				CLANG_WARN_INFINITE_RECURSION = YES;
				CLANG_WARN_INT_CONVERSION = YES;
				CLANG_WARN_NON_LITERAL_NULL_CONVERSION = YES;
				CLANG_WARN_OBJC_IMPLICIT_RETAIN_SELF = YES;
				CLANG_WARN_OBJC_LITERAL_CONVERSION = YES;
				CLANG_WARN_OBJC_ROOT_CLASS = YES_ERROR;
				CLANG_WARN_QUOTED_INCLUDE_IN_FRAMEWORK_HEADER = YES;
				CLANG_WARN_RANGE_LOOP_ANALYSIS = YES;
				CLANG_WARN_STRICT_PROTOTYPES = YES;
				CLANG_WARN_SUSPICIOUS_MOVE = YES;
				CLANG_WARN_UNGUARDED_AVAILABILITY = YES_AGGRESSIVE;
				CLANG_WARN_UNREACHABLE_CODE = YES;
				CLANG_WARN__DUPLICATE_METHOD_MATCH = YES;
				COPY_PHASE_STRIP = NO;
				DEBUG_INFORMATION_FORMAT = dwarf;
				ENABLE_STRICT_OBJC_MSGSEND = YES;
				ENABLE_TESTABILITY = YES;
				GCC_C_LANGUAGE_STANDARD = gnu11;
				GCC_DYNAMIC_NO_PIC = NO;
				GCC_NO_COMMON_BLOCKS = YES;
				GCC_OPTIMIZATION_LEVEL = 0;
				GCC_PREPROCESSOR_DEFINITIONS = (
					"DEBUG=1",
					"$(inherited)",
				);
				GCC_WARN_64_TO_32_BIT_CONVERSION = YES;
				GCC_WARN_ABOUT_RETURN_TYPE = YES_ERROR;
				GCC_WARN_UNDECLARED_SELECTOR = YES;
				GCC_WARN_UNINITIALIZED_AUTOS = YES_AGGRESSIVE;
				GCC_WARN_UNUSED_FUNCTION = YES;
				GCC_WARN_UNUSED_VARIABLE = YES;
				IPHONEOS_DEPLOYMENT_TARGET = 16.4;
				MTL_ENABLE_DEBUG_INFO = INCLUDE_SOURCE;
				MTL_FAST_MATH = YES;
				ONLY_ACTIVE_ARCH = YES;
				SDKROOT = iphoneos;
				SWIFT_ACTIVE_COMPILATION_CONDITIONS = DEBUG;
				SWIFT_OPTIMIZATION_LEVEL = "-Onone";
			};
			name = Debug;
		};
		2D8F39222A17B6660000B90E /* Release */ = {
			isa = XCBuildConfiguration;
			buildSettings = {
				ALWAYS_SEARCH_USER_PATHS = NO;
				CLANG_ANALYZER_NONNULL = YES;
				CLANG_ANALYZER_NUMBER_OBJECT_CONVERSION = YES_AGGRESSIVE;
				CLANG_CXX_LANGUAGE_STANDARD = "gnu++20";
				CLANG_ENABLE_MODULES = YES;
				CLANG_ENABLE_OBJC_ARC = YES;
				CLANG_ENABLE_OBJC_WEAK = YES;
				CLANG_WARN_BLOCK_CAPTURE_AUTORELEASING = YES;
				CLANG_WARN_BOOL_CONVERSION = YES;
				CLANG_WARN_COMMA = YES;
				CLANG_WARN_CONSTANT_CONVERSION = YES;
				CLANG_WARN_DEPRECATED_OBJC_IMPLEMENTATIONS = YES;
				CLANG_WARN_DIRECT_OBJC_ISA_USAGE = YES_ERROR;
				CLANG_WARN_DOCUMENTATION_COMMENTS = YES;
				CLANG_WARN_EMPTY_BODY = YES;
				CLANG_WARN_ENUM_CONVERSION = YES;
				CLANG_WARN_INFINITE_RECURSION = YES;
				CLANG_WARN_INT_CONVERSION = YES;
				CLANG_WARN_NON_LITERAL_NULL_CONVERSION = YES;
				CLANG_WARN_OBJC_IMPLICIT_RETAIN_SELF = YES;
				CLANG_WARN_OBJC_LITERAL_CONVERSION = YES;
				CLANG_WARN_OBJC_ROOT_CLASS = YES_ERROR;
				CLANG_WARN_QUOTED_INCLUDE_IN_FRAMEWORK_HEADER = YES;
				CLANG_WARN_RANGE_LOOP_ANALYSIS = YES;
				CLANG_WARN_STRICT_PROTOTYPES = YES;
				CLANG_WARN_SUSPICIOUS_MOVE = YES;
				CLANG_WARN_UNGUARDED_AVAILABILITY = YES_AGGRESSIVE;
				CLANG_WARN_UNREACHABLE_CODE = YES;
				CLANG_WARN__DUPLICATE_METHOD_MATCH = YES;
				COPY_PHASE_STRIP = NO;
				DEBUG_INFORMATION_FORMAT = "dwarf-with-dsym";
				ENABLE_NS_ASSERTIONS = NO;
				ENABLE_STRICT_OBJC_MSGSEND = YES;
				GCC_C_LANGUAGE_STANDARD = gnu11;
				GCC_NO_COMMON_BLOCKS = YES;
				GCC_WARN_64_TO_32_BIT_CONVERSION = YES;
				GCC_WARN_ABOUT_RETURN_TYPE = YES_ERROR;
				GCC_WARN_UNDECLARED_SELECTOR = YES;
				GCC_WARN_UNINITIALIZED_AUTOS = YES_AGGRESSIVE;
				GCC_WARN_UNUSED_FUNCTION = YES;
				GCC_WARN_UNUSED_VARIABLE = YES;
				IPHONEOS_DEPLOYMENT_TARGET = 16.4;
				MTL_ENABLE_DEBUG_INFO = NO;
				MTL_FAST_MATH = YES;
				SDKROOT = iphoneos;
				SWIFT_COMPILATION_MODE = wholemodule;
				SWIFT_OPTIMIZATION_LEVEL = "-O";
				VALIDATE_PRODUCT = YES;
			};
			name = Release;
		};
		2D8F39242A17B6660000B90E /* Debug */ = {
			isa = XCBuildConfiguration;
			buildSettings = {
				ALWAYS_EMBED_SWIFT_STANDARD_LIBRARIES = YES;
				ASSETCATALOG_COMPILER_APPICON_NAME = AppIcon;
				ASSETCATALOG_COMPILER_GLOBAL_ACCENT_COLOR_NAME = AccentColor;
				CODE_SIGN_STYLE = Automatic;
				CURRENT_PROJECT_VERSION = 1;
				DEVELOPMENT_TEAM = HG8VJQPKXZ;
				GENERATE_INFOPLIST_FILE = YES;
				INFOPLIST_FILE = "prayer-times/Resources/Info.plist";
				INFOPLIST_KEY_CFBundleDisplayName = "Namaz Vakti Takip";
				INFOPLIST_KEY_NSLocationWhenInUseUsageDescription = "Namaz vakitlerini bölgenize göre gösterebilmek için bu izne ihtiyacımız var.";
				INFOPLIST_KEY_UIApplicationSupportsIndirectInputEvents = YES;
				INFOPLIST_KEY_UILaunchStoryboardName = LaunchScreen;
				INFOPLIST_KEY_UISupportedInterfaceOrientations_iPad = "UIInterfaceOrientationPortrait UIInterfaceOrientationPortraitUpsideDown UIInterfaceOrientationLandscapeLeft UIInterfaceOrientationLandscapeRight";
				INFOPLIST_KEY_UISupportedInterfaceOrientations_iPhone = "UIInterfaceOrientationPortrait UIInterfaceOrientationLandscapeLeft UIInterfaceOrientationLandscapeRight";
				LD_RUNPATH_SEARCH_PATHS = (
					"$(inherited)",
					"@executable_path/Frameworks",
				);
				MARKETING_VERSION = 1.0;
				PRODUCT_BUNDLE_IDENTIFIER = "dev.nsemir.prayer-times1";
				PRODUCT_NAME = "$(TARGET_NAME)";
				SWIFT_EMIT_LOC_STRINGS = YES;
				SWIFT_VERSION = 5.0;
				TARGETED_DEVICE_FAMILY = "1,2";
			};
			name = Debug;
		};
		2D8F39252A17B6660000B90E /* Release */ = {
			isa = XCBuildConfiguration;
			buildSettings = {
				ALWAYS_EMBED_SWIFT_STANDARD_LIBRARIES = YES;
				ASSETCATALOG_COMPILER_APPICON_NAME = AppIcon;
				ASSETCATALOG_COMPILER_GLOBAL_ACCENT_COLOR_NAME = AccentColor;
				CODE_SIGN_STYLE = Automatic;
				CURRENT_PROJECT_VERSION = 1;
				DEVELOPMENT_TEAM = HG8VJQPKXZ;
				GENERATE_INFOPLIST_FILE = YES;
				INFOPLIST_FILE = "prayer-times/Resources/Info.plist";
				INFOPLIST_KEY_CFBundleDisplayName = "Namaz Vakti Takip";
				INFOPLIST_KEY_NSLocationWhenInUseUsageDescription = "Namaz vakitlerini bölgenize göre gösterebilmek için bu izne ihtiyacımız var.";
				INFOPLIST_KEY_UIApplicationSupportsIndirectInputEvents = YES;
				INFOPLIST_KEY_UILaunchStoryboardName = LaunchScreen;
				INFOPLIST_KEY_UISupportedInterfaceOrientations_iPad = "UIInterfaceOrientationPortrait UIInterfaceOrientationPortraitUpsideDown UIInterfaceOrientationLandscapeLeft UIInterfaceOrientationLandscapeRight";
				INFOPLIST_KEY_UISupportedInterfaceOrientations_iPhone = "UIInterfaceOrientationPortrait UIInterfaceOrientationLandscapeLeft UIInterfaceOrientationLandscapeRight";
				LD_RUNPATH_SEARCH_PATHS = (
					"$(inherited)",
					"@executable_path/Frameworks",
				);
				MARKETING_VERSION = 1.0;
				PRODUCT_BUNDLE_IDENTIFIER = "dev.nsemir.prayer-times1";
				PRODUCT_NAME = "$(TARGET_NAME)";
				SWIFT_EMIT_LOC_STRINGS = YES;
				SWIFT_VERSION = 5.0;
				TARGETED_DEVICE_FAMILY = "1,2";
			};
			name = Release;
		};
		2D8F39432A17B73A0000B90E /* Debug */ = {
			isa = XCBuildConfiguration;
			buildSettings = {
				CODE_SIGN_STYLE = Automatic;
				CURRENT_PROJECT_VERSION = 1;
				DEFINES_MODULE = YES;
				DEVELOPMENT_TEAM = HG8VJQPKXZ;
				DYLIB_COMPATIBILITY_VERSION = 1;
				DYLIB_CURRENT_VERSION = 1;
				DYLIB_INSTALL_NAME_BASE = "@rpath";
				ENABLE_MODULE_VERIFIER = YES;
				GENERATE_INFOPLIST_FILE = YES;
				INFOPLIST_KEY_NSHumanReadableCopyright = "";
				INSTALL_PATH = "$(LOCAL_LIBRARY_DIR)/Frameworks";
				LD_RUNPATH_SEARCH_PATHS = (
					"$(inherited)",
					"@executable_path/Frameworks",
					"@loader_path/Frameworks",
				);
				MARKETING_VERSION = 1.0;
				MODULE_VERIFIER_SUPPORTED_LANGUAGES = "objective-c objective-c++";
				MODULE_VERIFIER_SUPPORTED_LANGUAGE_STANDARDS = "gnu11 gnu++20";
				PRODUCT_BUNDLE_IDENTIFIER = dev.nsemir.NetworkManager;
				PRODUCT_NAME = "$(TARGET_NAME:c99extidentifier)";
				SKIP_INSTALL = YES;
				SWIFT_EMIT_LOC_STRINGS = YES;
				SWIFT_VERSION = 5.0;
				TARGETED_DEVICE_FAMILY = "1,2";
				VERSIONING_SYSTEM = "apple-generic";
				VERSION_INFO_PREFIX = "";
			};
			name = Debug;
		};
		2D8F39442A17B73A0000B90E /* Release */ = {
			isa = XCBuildConfiguration;
			buildSettings = {
				CODE_SIGN_STYLE = Automatic;
				CURRENT_PROJECT_VERSION = 1;
				DEFINES_MODULE = YES;
				DEVELOPMENT_TEAM = HG8VJQPKXZ;
				DYLIB_COMPATIBILITY_VERSION = 1;
				DYLIB_CURRENT_VERSION = 1;
				DYLIB_INSTALL_NAME_BASE = "@rpath";
				ENABLE_MODULE_VERIFIER = YES;
				GENERATE_INFOPLIST_FILE = YES;
				INFOPLIST_KEY_NSHumanReadableCopyright = "";
				INSTALL_PATH = "$(LOCAL_LIBRARY_DIR)/Frameworks";
				LD_RUNPATH_SEARCH_PATHS = (
					"$(inherited)",
					"@executable_path/Frameworks",
					"@loader_path/Frameworks",
				);
				MARKETING_VERSION = 1.0;
				MODULE_VERIFIER_SUPPORTED_LANGUAGES = "objective-c objective-c++";
				MODULE_VERIFIER_SUPPORTED_LANGUAGE_STANDARDS = "gnu11 gnu++20";
				PRODUCT_BUNDLE_IDENTIFIER = dev.nsemir.NetworkManager;
				PRODUCT_NAME = "$(TARGET_NAME:c99extidentifier)";
				SKIP_INSTALL = YES;
				SWIFT_EMIT_LOC_STRINGS = YES;
				SWIFT_VERSION = 5.0;
				TARGETED_DEVICE_FAMILY = "1,2";
				VERSIONING_SYSTEM = "apple-generic";
				VERSION_INFO_PREFIX = "";
			};
			name = Release;
		};
		2D8F39452A17B73A0000B90E /* Debug */ = {
			isa = XCBuildConfiguration;
			buildSettings = {
				ALWAYS_EMBED_SWIFT_STANDARD_LIBRARIES = YES;
				CODE_SIGN_STYLE = Automatic;
				CURRENT_PROJECT_VERSION = 1;
				DEVELOPMENT_TEAM = HG8VJQPKXZ;
				GENERATE_INFOPLIST_FILE = YES;
				MARKETING_VERSION = 1.0;
				PRODUCT_BUNDLE_IDENTIFIER = dev.nsemir.NetworkManagerTests;
				PRODUCT_NAME = "$(TARGET_NAME)";
				SWIFT_EMIT_LOC_STRINGS = NO;
				SWIFT_VERSION = 5.0;
				TARGETED_DEVICE_FAMILY = "1,2";
				TEST_HOST = "$(BUILT_PRODUCTS_DIR)/prayer-times.app/$(BUNDLE_EXECUTABLE_FOLDER_PATH)/prayer-times";
			};
			name = Debug;
		};
		2D8F39462A17B73A0000B90E /* Release */ = {
			isa = XCBuildConfiguration;
			buildSettings = {
				ALWAYS_EMBED_SWIFT_STANDARD_LIBRARIES = YES;
				CODE_SIGN_STYLE = Automatic;
				CURRENT_PROJECT_VERSION = 1;
				DEVELOPMENT_TEAM = HG8VJQPKXZ;
				GENERATE_INFOPLIST_FILE = YES;
				MARKETING_VERSION = 1.0;
				PRODUCT_BUNDLE_IDENTIFIER = dev.nsemir.NetworkManagerTests;
				PRODUCT_NAME = "$(TARGET_NAME)";
				SWIFT_EMIT_LOC_STRINGS = NO;
				SWIFT_VERSION = 5.0;
				TARGETED_DEVICE_FAMILY = "1,2";
				TEST_HOST = "$(BUILT_PRODUCTS_DIR)/prayer-times.app/$(BUNDLE_EXECUTABLE_FOLDER_PATH)/prayer-times";
			};
			name = Release;
		};
/* End XCBuildConfiguration section */

/* Begin XCConfigurationList section */
		2D8F390A2A17B6650000B90E /* Build configuration list for PBXProject "prayer-times" */ = {
			isa = XCConfigurationList;
			buildConfigurations = (
				2D8F39212A17B6660000B90E /* Debug */,
				2D8F39222A17B6660000B90E /* Release */,
			);
			defaultConfigurationIsVisible = 0;
			defaultConfigurationName = Release;
		};
		2D8F39232A17B6660000B90E /* Build configuration list for PBXNativeTarget "prayer-times" */ = {
			isa = XCConfigurationList;
			buildConfigurations = (
				2D8F39242A17B6660000B90E /* Debug */,
				2D8F39252A17B6660000B90E /* Release */,
			);
			defaultConfigurationIsVisible = 0;
			defaultConfigurationName = Release;
		};
		2D8F39472A17B73A0000B90E /* Build configuration list for PBXNativeTarget "NetworkManager" */ = {
			isa = XCConfigurationList;
			buildConfigurations = (
				2D8F39432A17B73A0000B90E /* Debug */,
				2D8F39442A17B73A0000B90E /* Release */,
			);
			defaultConfigurationIsVisible = 0;
			defaultConfigurationName = Release;
		};
		2D8F39482A17B73A0000B90E /* Build configuration list for PBXNativeTarget "NetworkManagerTests" */ = {
			isa = XCConfigurationList;
			buildConfigurations = (
				2D8F39452A17B73A0000B90E /* Debug */,
				2D8F39462A17B73A0000B90E /* Release */,
			);
			defaultConfigurationIsVisible = 0;
			defaultConfigurationName = Release;
		};
/* End XCConfigurationList section */

/* Begin XCRemoteSwiftPackageReference section */
		2D8F39712A17CB4B0000B90E /* XCRemoteSwiftPackageReference "SnapKit" */ = {
			isa = XCRemoteSwiftPackageReference;
			repositoryURL = "https://github.com/SnapKit/SnapKit.git";
			requirement = {
				kind = upToNextMajorVersion;
				minimumVersion = 5.0.0;
			};
		};
		2D8F397E2A17D9440000B90E /* XCRemoteSwiftPackageReference "lottie-ios" */ = {
			isa = XCRemoteSwiftPackageReference;
			repositoryURL = "https://github.com/airbnb/lottie-ios.git";
			requirement = {
				kind = upToNextMajorVersion;
				minimumVersion = 4.0.0;
			};
		};
/* End XCRemoteSwiftPackageReference section */

/* Begin XCSwiftPackageProductDependency section */
		2D8F39722A17CB4B0000B90E /* SnapKit */ = {
			isa = XCSwiftPackageProductDependency;
			package = 2D8F39712A17CB4B0000B90E /* XCRemoteSwiftPackageReference "SnapKit" */;
			productName = SnapKit;
		};
		2D8F397F2A17D9440000B90E /* Lottie */ = {
			isa = XCSwiftPackageProductDependency;
			package = 2D8F397E2A17D9440000B90E /* XCRemoteSwiftPackageReference "lottie-ios" */;
			productName = Lottie;
		};
/* End XCSwiftPackageProductDependency section */
	};
	rootObject = 2D8F39072A17B6650000B90E /* Project object */;
}
